{
  "name": "kubernodes",
  "version": "1.6.0",
  "lockfileVersion": 1,
  "requires": true,
  "dependencies": {
    "abbrev": {
      "version": "1.1.1",
      "resolved": "https://registry.npmjs.org/abbrev/-/abbrev-1.1.1.tgz",
      "integrity": "sha1-+PLIh60Qv2f2NPAFtph/7TF5qsg="
    },
    "adm-zip": {
      "version": "0.4.7",
      "resolved": "https://registry.npmjs.org/adm-zip/-/adm-zip-0.4.7.tgz",
      "integrity": "sha1-hgbCy/HEJs6MjsABdER/1Jtur8E="
    },
    "amdefine": {
      "version": "1.0.1",
      "resolved": "https://registry.npmjs.org/amdefine/-/amdefine-1.0.1.tgz",
      "integrity": "sha1-SlKCrBZHKek2Gbz9OtFR+BfOkfU="
    },
    "ansi-regex": {
      "version": "2.1.1",
      "resolved": "https://registry.npmjs.org/ansi-regex/-/ansi-regex-2.1.1.tgz",
      "integrity": "sha1-w7M6te42DYbg5ijwRorn7yfWVN8="
    },
    "ansi-styles": {
      "version": "2.2.1",
      "resolved": "https://registry.npmjs.org/ansi-styles/-/ansi-styles-2.2.1.tgz",
      "integrity": "sha1-tDLdM1i2NM914eRmQ2gkBTPB3b4="
    },
    "argparse": {
      "version": "1.0.9",
      "resolved": "https://registry.npmjs.org/argparse/-/argparse-1.0.9.tgz",
      "integrity": "sha1-c9g7wmP4bpf4zE9rrhsOkKfSLIY=",
      "requires": {
        "sprintf-js": "~1.0.2"
      }
    },
    "async": {
      "version": "1.5.2",
      "resolved": "https://registry.npmjs.org/async/-/async-1.5.2.tgz",
      "integrity": "sha1-7GphrlZIDAw8skHJVhjiCJL5Zyo="
    },
    "balanced-match": {
      "version": "1.0.0",
      "resolved": "https://registry.npmjs.org/balanced-match/-/balanced-match-1.0.0.tgz",
      "integrity": "sha1-ibTRmasr7kneFk6gK4nORi1xt2c="
    },
    "block-stream": {
      "version": "0.0.9",
      "resolved": "https://registry.npmjs.org/block-stream/-/block-stream-0.0.9.tgz",
      "integrity": "sha1-E+v+d4oDIFz+A3UUgeu0szAMEmo=",
      "requires": {
        "inherits": "~2.0.0"
      }
    },
    "brace-expansion": {
      "version": "1.1.8",
      "resolved": "https://registry.npmjs.org/brace-expansion/-/brace-expansion-1.1.8.tgz",
      "integrity": "sha1-wHshHHyVLsH479Uad+8NHTmQopI=",
      "requires": {
        "balanced-match": "^1.0.0",
        "concat-map": "0.0.1"
      }
    },
    "chalk": {
      "version": "1.1.3",
      "resolved": "https://registry.npmjs.org/chalk/-/chalk-1.1.3.tgz",
      "integrity": "sha1-qBFcVeSnAv5NFQq9OHKCKn4J/Jg=",
      "requires": {
        "ansi-styles": "^2.2.1",
        "escape-string-regexp": "^1.0.2",
        "has-ansi": "^2.0.0",
        "strip-ansi": "^3.0.0",
        "supports-color": "^2.0.0"
      }
    },
    "charm": {
      "version": "0.2.0",
      "resolved": "https://registry.npmjs.org/charm/-/charm-0.2.0.tgz",
      "integrity": "sha1-us0G2HF3WTYvemYqHpZ691N/2os="
    },
    "concat-map": {
      "version": "0.0.1",
      "resolved": "https://registry.npmjs.org/concat-map/-/concat-map-0.0.1.tgz",
      "integrity": "sha1-2Klr13/Wjfd5OnMDajug1UBdR3s="
    },
    "decompress": {
      "version": "0.2.3",
      "resolved": "https://registry.npmjs.org/decompress/-/decompress-0.2.3.tgz",
      "integrity": "sha1-rUcaD8UbcZO3L2DJ4EDOGnpLn8w=",
      "requires": {
        "adm-zip": "^0.4.3",
        "extname": "^0.1.1",
        "get-stdin": "^0.1.0",
        "map-key": "^0.1.1",
        "mkdirp": "^0.3.5",
        "nopt": "^2.2.0",
        "rimraf": "^2.2.2",
        "stream-combiner": "^0.0.4",
        "tar": "^0.1.18",
        "tempfile": "^0.1.2"
      }
    },
    "deep-is": {
      "version": "0.1.3",
      "resolved": "https://registry.npmjs.org/deep-is/-/deep-is-0.1.3.tgz",
      "integrity": "sha1-s2nW+128E+7PUk+RsHD+7cNXzzQ="
    },
    "digdug": {
      "version": "1.3.2",
      "resolved": "https://registry.npmjs.org/digdug/-/digdug-1.3.2.tgz",
      "integrity": "sha1-kXmQwfpqHQLL4gDdx7s0Y4cn2f8=",
      "requires": {
        "decompress": "0.2.3",
        "dojo": "2.0.0-alpha.6"
      }
    },
    "dojo": {
      "version": "2.0.0-alpha.6",
      "resolved": "https://registry.npmjs.org/dojo/-/dojo-2.0.0-alpha.6.tgz",
      "integrity": "sha1-szwtlZ9C6+n/gvo6CubFkkUnhvg="
    },
    "duplexer": {
      "version": "0.1.1",
      "resolved": "https://registry.npmjs.org/duplexer/-/duplexer-0.1.1.tgz",
      "integrity": "sha1-rOb/gIwc5mtX0ev5eXessCM0z8E="
    },
    "escape-string-regexp": {
      "version": "1.0.5",
      "resolved": "https://registry.npmjs.org/escape-string-regexp/-/escape-string-regexp-1.0.5.tgz",
      "integrity": "sha1-G2HAViGQqN/2rjuyzwIAyhMLhtQ="
    },
    "escodegen": {
      "version": "1.6.1",
      "resolved": "https://registry.npmjs.org/escodegen/-/escodegen-1.6.1.tgz",
      "integrity": "sha1-Nn3hfYUQVA0SvG3Liz+Rg5EmWBU=",
      "requires": {
        "esprima": "^1.2.2",
        "estraverse": "^1.9.1",
        "esutils": "^1.1.6",
        "optionator": "^0.5.0",
        "source-map": "~0.1.40"
      },
      "dependencies": {
        "esprima": {
          "version": "1.2.5",
          "resolved": "https://registry.npmjs.org/esprima/-/esprima-1.2.5.tgz",
          "integrity": "sha1-CZNQL+r2aBODJXVvMPmlH+7sEek="
        },
        "source-map": {
          "version": "0.1.43",
          "resolved": "https://registry.npmjs.org/source-map/-/source-map-0.1.43.tgz",
          "integrity": "sha1-wkvBRspRfBRx9drL4lcbK3+eM0Y=",
          "optional": true,
          "requires": {
            "amdefine": ">=0.0.4"
          }
        }
      }
    },
    "esprima": {
      "version": "2.4.1",
      "resolved": "https://registry.npmjs.org/esprima/-/esprima-2.4.1.tgz",
      "integrity": "sha1-gwWcdR6enEHSKKQaqh7vDMzjhLo="
    },
    "estraverse": {
      "version": "1.9.3",
      "resolved": "https://registry.npmjs.org/estraverse/-/estraverse-1.9.3.tgz",
      "integrity": "sha1-r2fy3JIlgkFZUJJgkaQAXSnJu0Q="
    },
    "esutils": {
      "version": "1.1.6",
      "resolved": "https://registry.npmjs.org/esutils/-/esutils-1.1.6.tgz",
      "integrity": "sha1-wBzKqa5LiXxtDD4hCuUvPHqEQ3U="
    },
    "events": {
      "version": "1.1.1",
      "resolved": "https://registry.npmjs.org/events/-/events-1.1.1.tgz",
      "integrity": "sha1-nr23Y1rQmccNzEwqH1AEKI6L2SQ="
    },
    "ext-list": {
      "version": "0.2.0",
      "resolved": "https://registry.npmjs.org/ext-list/-/ext-list-0.2.0.tgz",
      "integrity": "sha1-NhTV8pn0pZKolinn3oJfF3TRmr0=",
      "requires": {
        "got": "^0.2.0"
      }
    },
    "extname": {
      "version": "0.1.5",
      "resolved": "https://registry.npmjs.org/extname/-/extname-0.1.5.tgz",
      "integrity": "sha1-PLs4jQ2sYIbFMTPN+hCAdNinVS4=",
      "requires": {
        "ext-list": "^0.2.0",
        "map-key": "^0.1.1",
        "underscore.string": "~2.3.3"
      }
    },
    "fast-levenshtein": {
      "version": "1.0.7",
      "resolved": "https://registry.npmjs.org/fast-levenshtein/-/fast-levenshtein-1.0.7.tgz",
      "integrity": "sha1-AXjc3uAjuSkFGTrwlZ6KdjnP3Lk="
    },
    "fileset": {
      "version": "0.2.1",
      "resolved": "https://registry.npmjs.org/fileset/-/fileset-0.2.1.tgz",
      "integrity": "sha1-WI74lzxmI7KnbfRlEFaWuWqsgGc=",
      "requires": {
        "glob": "5.x",
        "minimatch": "2.x"
      },
      "dependencies": {
        "glob": {
          "version": "5.0.15",
          "resolved": "https://registry.npmjs.org/glob/-/glob-5.0.15.tgz",
          "integrity": "sha1-G8k2ueAvSmA/zCIuz3Yz0wuLk7E=",
          "requires": {
            "inflight": "^1.0.4",
            "inherits": "2",
            "minimatch": "2 || 3",
            "once": "^1.3.0",
            "path-is-absolute": "^1.0.0"
          }
        },
        "minimatch": {
          "version": "2.0.10",
          "resolved": "https://registry.npmjs.org/minimatch/-/minimatch-2.0.10.tgz",
          "integrity": "sha1-jQh8OcazjAAbl/ynzm0OHoCvusc=",
          "requires": {
            "brace-expansion": "^1.0.0"
          }
        }
      }
    },
    "fs.realpath": {
      "version": "1.0.0",
      "resolved": "https://registry.npmjs.org/fs.realpath/-/fs.realpath-1.0.0.tgz",
      "integrity": "sha1-FQStJSMVjKpA20onh8sBQRmU6k8="
    },
    "fstream": {
      "version": "0.1.31",
      "resolved": "https://registry.npmjs.org/fstream/-/fstream-0.1.31.tgz",
      "integrity": "sha1-czfwWPu7vvqMn1YaKMqwhJICyYg=",
      "requires": {
        "graceful-fs": "~3.0.2",
        "inherits": "~2.0.0",
        "mkdirp": "0.5",
        "rimraf": "2"
      },
      "dependencies": {
        "mkdirp": {
          "version": "0.5.1",
          "resolved": "https://registry.npmjs.org/mkdirp/-/mkdirp-0.5.1.tgz",
          "integrity": "sha1-MAV0OOrGz3+MR2fzhkjWaX11yQM=",
          "requires": {
            "minimist": "0.0.8"
          }
        }
      }
    },
    "get-stdin": {
      "version": "0.1.0",
      "resolved": "https://registry.npmjs.org/get-stdin/-/get-stdin-0.1.0.tgz",
      "integrity": "sha1-WZivJKr8gC0VyCxoVlfuuLENSpE="
    },
    "glob": {
      "version": "7.1.2",
      "resolved": "https://registry.npmjs.org/glob/-/glob-7.1.2.tgz",
      "integrity": "sha1-wZyd+aAocC1nhhI4SmVSQExjbRU=",
      "requires": {
        "fs.realpath": "^1.0.0",
        "inflight": "^1.0.4",
        "inherits": "2",
        "minimatch": "^3.0.4",
        "once": "^1.3.0",
        "path-is-absolute": "^1.0.0"
      }
    },
    "got": {
      "version": "0.2.0",
      "resolved": "https://registry.npmjs.org/got/-/got-0.2.0.tgz",
      "integrity": "sha1-0Awkiyn9zK6pQN+coJlev/MbUaU=",
      "requires": {
        "object-assign": "^0.3.0"
      }
    },
    "graceful-fs": {
      "version": "3.0.11",
      "resolved": "https://registry.npmjs.org/graceful-fs/-/graceful-fs-3.0.11.tgz",
      "integrity": "sha1-dhPHeKGv6mLyXGMKCG1/Osu92Bg=",
      "requires": {
        "natives": "^1.1.0"
      }
    },
    "handlebars": {
      "version": "3.0.0",
      "resolved": "https://registry.npmjs.org/handlebars/-/handlebars-3.0.0.tgz",
      "integrity": "sha1-f05Tf03WmShp1mwBt1BeujVhpdU=",
      "requires": {
        "optimist": "^0.6.1",
        "source-map": "^0.1.40",
        "uglify-js": "~2.3"
      },
      "dependencies": {
        "source-map": {
          "version": "0.1.43",
          "resolved": "https://registry.npmjs.org/source-map/-/source-map-0.1.43.tgz",
          "integrity": "sha1-wkvBRspRfBRx9drL4lcbK3+eM0Y=",
          "requires": {
            "amdefine": ">=0.0.4"
          }
        }
      }
    },
    "has-ansi": {
      "version": "2.0.0",
      "resolved": "https://registry.npmjs.org/has-ansi/-/has-ansi-2.0.0.tgz",
      "integrity": "sha1-NPUEnOHs3ysGSa8+8k5F7TVBbZE=",
      "requires": {
        "ansi-regex": "^2.0.0"
      }
    },
    "inflight": {
      "version": "1.0.6",
      "resolved": "https://registry.npmjs.org/inflight/-/inflight-1.0.6.tgz",
      "integrity": "sha1-Sb1jMdfQLQwJvJEKEHW6gWW1bfk=",
      "requires": {
        "once": "^1.3.0",
        "wrappy": "1"
      }
    },
    "inherits": {
      "version": "2.0.3",
      "resolved": "https://registry.npmjs.org/inherits/-/inherits-2.0.3.tgz",
      "integrity": "sha1-Yzwsg+PaQqUC9SRmAiSA9CCCYd4="
    },
    "intern": {
      "version": "3.0.6",
      "resolved": "https://registry.npmjs.org/intern/-/intern-3.0.6.tgz",
      "integrity": "sha1-8OBnUCPSPyoE+q71MNrkzbBuEuI=",
      "requires": {
        "chai": "3.0.0",
        "charm": "0.2.0",
        "diff": "1.1.0",
        "digdug": "1.3.2",
        "dojo": "2.0.0-alpha.6",
        "istanbul": "0.3.17",
        "leadfoot": "1.6.4",
        "source-map": "0.1.33"
      },
      "dependencies": {
        "chai": {
          "version": "3.0.0",
          "resolved": "https://registry.npmjs.org/chai/-/chai-3.0.0.tgz",
          "integrity": "sha1-cb/RA0/IwtjFBTh1uzj1mypvGSg=",
          "requires": {
            "assertion-error": "^1.0.1",
            "deep-eql": "^0.1.3",
            "type-detect": "^1.0.0"
          },
          "dependencies": {
            "assertion-error": {
              "version": "1.1.0",
              "bundled": true
            },
            "deep-eql": {
              "version": "0.1.3",
              "bundled": true,
              "requires": {
                "type-detect": "0.1.1"
              },
              "dependencies": {
                "type-detect": {
                  "version": "0.1.1",
                  "resolved": "https://registry.npmjs.org/type-detect/-/type-detect-0.1.1.tgz",
                  "integrity": "sha1-C6XsKohWQORw6k6FBZcZANrFiCI="
                }
              }
            },
            "type-detect": {
              "version": "1.0.0",
              "bundled": true
            }
          }
        },
        "diff": {
          "version": "1.1.0",
          "resolved": "https://registry.npmjs.org/diff/-/diff-1.1.0.tgz",
          "integrity": "sha1-eYpJOBqkZBUem08Ob/Kwmooa0j8="
        },
        "dojo": {
          "version": "2.0.0-alpha.6",
          "resolved": "https://registry.npmjs.org/dojo/-/dojo-2.0.0-alpha.6.tgz",
          "integrity": "sha1-szwtlZ9C6+n/gvo6CubFkkUnhvg="
        }
      }
    },
    "istanbul": {
      "version": "0.3.17",
      "resolved": "https://registry.npmjs.org/istanbul/-/istanbul-0.3.17.tgz",
      "integrity": "sha1-Wpreb1TiYgWnL/4/AickpW10HaE=",
      "requires": {
        "abbrev": "1.0.x",
        "async": "1.x",
        "escodegen": "1.6.x",
        "esprima": "2.4.x",
        "fileset": "0.2.x",
        "handlebars": "3.0.0",
        "js-yaml": "3.x",
        "mkdirp": "0.5.x",
        "nopt": "3.x",
        "once": "1.x",
        "resolve": "1.1.x",
        "supports-color": "1.3.x",
        "which": "1.0.x",
        "wordwrap": "0.0.x"
      },
      "dependencies": {
        "abbrev": {
          "version": "1.0.9",
          "resolved": "https://registry.npmjs.org/abbrev/-/abbrev-1.0.9.tgz",
          "integrity": "sha1-kbR5JYinc4wl813W9jdSovh3YTU="
        },
        "mkdirp": {
          "version": "0.5.1",
          "resolved": "https://registry.npmjs.org/mkdirp/-/mkdirp-0.5.1.tgz",
          "integrity": "sha1-MAV0OOrGz3+MR2fzhkjWaX11yQM=",
          "requires": {
            "minimist": "0.0.8"
          }
        },
        "nopt": {
          "version": "3.0.6",
          "resolved": "https://registry.npmjs.org/nopt/-/nopt-3.0.6.tgz",
          "integrity": "sha1-xkZdvwirzU2zWTF/eaxopkayj/k=",
          "requires": {
            "abbrev": "1"
          }
        },
        "supports-color": {
          "version": "1.3.1",
          "resolved": "https://registry.npmjs.org/supports-color/-/supports-color-1.3.1.tgz",
          "integrity": "sha1-FXWN8J2P87SswwdTn6vicJXhBC0="
        }
      }
    },
    "js-yaml": {
      "version": "3.10.0",
      "resolved": "https://registry.npmjs.org/js-yaml/-/js-yaml-3.10.0.tgz",
      "integrity": "sha1-LnhEFka9RoLpY/IrbpKCPDCcYtw=",
      "requires": {
        "argparse": "^1.0.7",
        "esprima": "^4.0.0"
      },
      "dependencies": {
        "esprima": {
          "version": "4.0.0",
          "resolved": "https://registry.npmjs.org/esprima/-/esprima-4.0.0.tgz",
          "integrity": "sha1-RJnt3NERDgshi6zy+n9/WfVcqAQ="
        }
      }
    },
    "jszip": {
      "version": "2.5.0",
      "resolved": "https://registry.npmjs.org/jszip/-/jszip-2.5.0.tgz",
      "integrity": "sha1-dET9hVHd8+XacZj+oMkbyDCMwnQ=",
      "requires": {
        "pako": "~0.2.5"
      }
    },
    "leadfoot": {
      "version": "1.6.4",
      "resolved": "https://registry.npmjs.org/leadfoot/-/leadfoot-1.6.4.tgz",
      "integrity": "sha1-mgP1X/kggvSCjt1sKoFGvyBFqpo=",
      "requires": {
        "dojo": "2.0.0-alpha.6",
        "jszip": "2.5.0"
      }
    },
    "levn": {
      "version": "0.2.5",
      "resolved": "https://registry.npmjs.org/levn/-/levn-0.2.5.tgz",
      "integrity": "sha1-uo0znQykphDjo/FFucr0iAcVUFQ=",
      "requires": {
        "prelude-ls": "~1.1.0",
        "type-check": "~0.3.1"
      }
    },
    "lodash": {
      "version": "2.4.2",
      "resolved": "https://registry.npmjs.org/lodash/-/lodash-2.4.2.tgz",
      "integrity": "sha1-+t2DS5aDBz2hebPq5tnA0VBT9z4="
    },
    "map-key": {
      "version": "0.1.5",
      "resolved": "https://registry.npmjs.org/map-key/-/map-key-0.1.5.tgz",
      "integrity": "sha1-ivsTTyoyGk3im+/LWqujNIs3vfw=",
      "requires": {
        "lodash": "^2.4.1",
        "underscore.string": "^2.3.3"
      }
    },
    "minimatch": {
      "version": "3.0.4",
      "resolved": "https://registry.npmjs.org/minimatch/-/minimatch-3.0.4.tgz",
      "integrity": "sha1-UWbihkV/AzBgZL5Ul+jbsMPTIIM=",
      "requires": {
        "brace-expansion": "^1.1.7"
      }
    },
    "minimist": {
      "version": "0.0.8",
      "resolved": "https://registry.npmjs.org/minimist/-/minimist-0.0.8.tgz",
      "integrity": "sha1-hX/Kv8M5fSYluCKCYuhqp6ARsF0="
    },
    "mkdirp": {
      "version": "0.3.5",
      "resolved": "https://registry.npmjs.org/mkdirp/-/mkdirp-0.3.5.tgz",
      "integrity": "sha1-3j5fiWHIjHh+4TaN+EmsRBPsqNc="
    },
    "natives": {
      "version": "1.1.0",
      "resolved": "https://registry.npmjs.org/natives/-/natives-1.1.0.tgz",
      "integrity": "sha1-6f+EFBimsux6SV6TmYT3jxY+bjE="
    },
    "nopt": {
      "version": "2.2.1",
      "resolved": "https://registry.npmjs.org/nopt/-/nopt-2.2.1.tgz",
      "integrity": "sha1-KqCbfRdoSHs7ianFqlIzW/8Lrqc=",
      "requires": {
        "abbrev": "1"
      }
    },
    "object-assign": {
      "version": "0.3.1",
      "resolved": "https://registry.npmjs.org/object-assign/-/object-assign-0.3.1.tgz",
      "integrity": "sha1-Bg4qKifXwNd+x3t48Rqkf9iACNI="
    },
    "once": {
      "version": "1.4.0",
      "resolved": "https://registry.npmjs.org/once/-/once-1.4.0.tgz",
      "integrity": "sha1-WDsap3WWHUsROsF9nFC6753Xa9E=",
      "requires": {
        "wrappy": "1"
      }
    },
    "optimist": {
      "version": "0.6.1",
      "resolved": "https://registry.npmjs.org/optimist/-/optimist-0.6.1.tgz",
      "integrity": "sha1-2j6nRob6IaGaERwybpDrFaAZZoY=",
      "requires": {
        "minimist": "~0.0.1",
        "wordwrap": "~0.0.2"
      }
    },
    "optionator": {
      "version": "0.5.0",
      "resolved": "https://registry.npmjs.org/optionator/-/optionator-0.5.0.tgz",
      "integrity": "sha1-t1qJlaLUF98ltuTjhi9QqohlE2g=",
      "requires": {
        "deep-is": "~0.1.2",
        "fast-levenshtein": "~1.0.0",
        "levn": "~0.2.5",
        "prelude-ls": "~1.1.1",
        "type-check": "~0.3.1",
        "wordwrap": "~0.0.2"
      }
    },
    "pako": {
      "version": "0.2.9",
      "resolved": "https://registry.npmjs.org/pako/-/pako-0.2.9.tgz",
      "integrity": "sha1-8/dSL073gjSNqBYbrZ7P1Rv4OnU="
    },
    "path-is-absolute": {
      "version": "1.0.1",
      "resolved": "https://registry.npmjs.org/path-is-absolute/-/path-is-absolute-1.0.1.tgz",
      "integrity": "sha1-F0uSaHNVNP+8es5r9TpanhtcX18="
    },
    "prelude-ls": {
      "version": "1.1.2",
      "resolved": "https://registry.npmjs.org/prelude-ls/-/prelude-ls-1.1.2.tgz",
      "integrity": "sha1-IZMqVJ9eUv/ZqCf1cOBL5iqX2lQ="
    },
    "q": {
      "version": "1.5.1",
      "resolved": "https://registry.npmjs.org/q/-/q-1.5.1.tgz",
      "integrity": "sha1-fjL3W0E4EpHQRhHxvxQQmsAGUdc="
    },
    "resolve": {
      "version": "1.1.7",
      "resolved": "https://registry.npmjs.org/resolve/-/resolve-1.1.7.tgz",
      "integrity": "sha1-IDEU2CrSxe2ejgQRs5ModeiJ6Xs="
    },
    "rimraf": {
      "version": "2.6.2",
      "resolved": "https://registry.npmjs.org/rimraf/-/rimraf-2.6.2.tgz",
      "integrity": "sha1-LtgVDSShbqhlHm1u8PR8QVjOejY=",
      "requires": {
        "glob": "^7.0.5"
      }
    },
    "source-map": {
      "version": "0.1.33",
      "resolved": "https://registry.npmjs.org/source-map/-/source-map-0.1.33.tgz",
      "integrity": "sha1-xlkpenOvGMBzsKoufMkeMWtcVww=",
      "requires": {
        "amdefine": ">=0.0.4"
      }
    },
    "sprintf-js": {
      "version": "1.0.3",
      "resolved": "https://registry.npmjs.org/sprintf-js/-/sprintf-js-1.0.3.tgz",
      "integrity": "sha1-BOaSb2YolTVPPdAVIDYzuFcpfiw="
    },
    "stream-combiner": {
      "version": "0.0.4",
      "resolved": "https://registry.npmjs.org/stream-combiner/-/stream-combiner-0.0.4.tgz",
      "integrity": "sha1-TV5DPBhSYd3mI8o/RMWGvPXErRQ=",
      "requires": {
        "duplexer": "~0.1.1"
      }
    },
    "strip-ansi": {
      "version": "3.0.1",
      "resolved": "https://registry.npmjs.org/strip-ansi/-/strip-ansi-3.0.1.tgz",
      "integrity": "sha1-ajhfuIU9lS1f8F0Oiq+UJ43GPc8=",
      "requires": {
        "ansi-regex": "^2.0.0"
      }
    },
    "supports-color": {
      "version": "2.0.0",
      "resolved": "https://registry.npmjs.org/supports-color/-/supports-color-2.0.0.tgz",
      "integrity": "sha1-U10EXOa2Nj+kARcIRimZXp3zJMc="
    },
    "tar": {
      "version": "0.1.20",
      "resolved": "https://registry.npmjs.org/tar/-/tar-0.1.20.tgz",
      "integrity": "sha1-QpQLrltfIsdEg2mRJvnz8nRJyxM=",
      "requires": {
        "block-stream": "*",
        "fstream": "~0.1.28",
        "inherits": "2"
      }
    },
    "tempfile": {
      "version": "0.1.3",
      "resolved": "https://registry.npmjs.org/tempfile/-/tempfile-0.1.3.tgz",
      "integrity": "sha1-fWtxAEcznTn4RzJ6BW2t8YMQMBA=",
      "requires": {
        "uuid": "~1.4.0"
      }
    },
    "termoil": {
      "version": "1.1.5",
      "resolved": "https://registry.npmjs.org/termoil/-/termoil-1.1.5.tgz",
      "integrity": "sha1-D5TYmXmYBbjujld9EGlTVf/2BaU=",
      "requires": {
        "chalk": "^1.1.1",
        "events": "^1.1.0",
        "intern": "3.0.6",
        "q": "^1.4.1",
        "util": "^0.10.3"
      }
    },
    "type-check": {
      "version": "0.3.2",
      "resolved": "https://registry.npmjs.org/type-check/-/type-check-0.3.2.tgz",
      "integrity": "sha1-WITKtRLPHTVeP7eE8wgEsrUg23I=",
      "requires": {
        "prelude-ls": "~1.1.2"
      }
    },
    "uglify-js": {
      "version": "2.3.6",
      "resolved": "https://registry.npmjs.org/uglify-js/-/uglify-js-2.3.6.tgz",
      "integrity": "sha1-+gmEdwtCi3qbKoBY9GNV0U/vIRo=",
      "optional": true,
      "requires": {
        "async": "~0.2.6",
        "optimist": "~0.3.5",
        "source-map": "~0.1.7"
      },
      "dependencies": {
        "async": {
          "version": "0.2.10",
          "resolved": "https://registry.npmjs.org/async/-/async-0.2.10.tgz",
          "integrity": "sha1-trvgsGdLnXGXCMo43owjfLUmw9E=",
          "optional": true
        },
        "optimist": {
          "version": "0.3.7",
          "resolved": "https://registry.npmjs.org/optimist/-/optimist-0.3.7.tgz",
          "integrity": "sha1-yQlBrVnkJzMokjB00s8ufLxuwNk=",
          "optional": true,
          "requires": {
            "wordwrap": "~0.0.2"
          }
        }
      }
    },
    "underscore.string": {
      "version": "2.3.3",
      "resolved": "https://registry.npmjs.org/underscore.string/-/underscore.string-2.3.3.tgz",
      "integrity": "sha1-ccCL9rQosRM/N+ePo6Icgvcymw0="
    },
    "util": {
      "version": "0.10.3",
      "resolved": "https://registry.npmjs.org/util/-/util-0.10.3.tgz",
      "integrity": "sha1-evsa/lCAUkZInj23/g7TeTNqwPk=",
      "requires": {
        "inherits": "2.0.1"
      },
      "dependencies": {
        "inherits": {
          "version": "2.0.1",
          "resolved": "https://registry.npmjs.org/inherits/-/inherits-2.0.1.tgz",
          "integrity": "sha1-sX0I0ya0Qj5Wjv9xn5GwscvfafE="
        }
      }
    },
    "uuid": {
      "version": "1.4.2",
      "resolved": "https://registry.npmjs.org/uuid/-/uuid-1.4.2.tgz",
      "integrity": "sha1-RTAZ9oaWam34PNxSROfJkOzDMvw="
    },
    "which": {
      "version": "1.0.9",
      "resolved": "https://registry.npmjs.org/which/-/which-1.0.9.tgz",
      "integrity": "sha1-RgwdoPgQED0DIam2M6+eV15kSG8="
    },
    "wordwrap": {
      "version": "0.0.3",
      "resolved": "https://registry.npmjs.org/wordwrap/-/wordwrap-0.0.3.tgz",
      "integrity": "sha1-o9XabNXAvAAI03I0u68b7WMFkQc="
    },
    "wrappy": {
      "version": "1.0.2",
      "resolved": "https://registry.npmjs.org/wrappy/-/wrappy-1.0.2.tgz",
      "integrity": "sha1-tSQ9jz7BqjXxNkYFvA0QNuMKtp8="
    }
  }
}
